
Microsoft Visual Studio Solution File, Format Version 12.00
# Visual Studio Version 17
VisualStudioVersion = 17.8.34511.84
MinimumVisualStudioVersion = 10.0.40219.1
Project("{888888A0-9F3D-457C-B088-3A5042F75D52}") = "TKT", "TKT.pyproj", "{E51BC48A-C8BF-4E57-8C51-82663E15BF5C}"
EndProject
Global
	GlobalSection(SolutionConfigurationPlatforms) = preSolution
		Debug|Any CPU = Debug|Any CPU
		Release|Any CPU = Release|Any CPU
	EndGlobalSection
	GlobalSection(ProjectConfigurationPlatforms) = postSolution
		{E51BC48A-C8BF-4E57-8C51-82663E15BF5C}.Debug|Any CPU.ActiveCfg = Debug|Any CPU
		{E51BC48A-C8BF-4E57-8C51-82663E15BF5C}.Release|Any CPU.ActiveCfg = Release|Any CPU
	EndGlobalSection
	GlobalSection(SolutionProperties) = preSolution
		HideSolutionNode = FALSE
	EndGlobalSection
	GlobalSection(ExtensibilityGlobals) = postSolution
		SolutionGuid = {28622B39-10C3-4EB7-8D54-F00D9F823522}
	EndGlobalSection
EndGlobal
