
Microsoft Visual Studio Solution File, Format Version 12.00
# Visual Studio Version 17
VisualStudioVersion = 17.8.34511.84
MinimumVisualStudioVersion = 10.0.40219.1
Project("{888888A0-9F3D-457C-B088-3A5042F75D52}") = "DOCAO", "DOCAO.pyproj", "{DFC53F86-7C6F-4314-876E-98DC65664411}"
EndProject
Global
	GlobalSection(SolutionConfigurationPlatforms) = preSolution
		Debug|Any CPU = Debug|Any CPU
		Release|Any CPU = Release|Any CPU
	EndGlobalSection
	GlobalSection(ProjectConfigurationPlatforms) = postSolution
		{DFC53F86-7C6F-4314-876E-98DC65664411}.Debug|Any CPU.ActiveCfg = Debug|Any CPU
		{DFC53F86-7C6F-4314-876E-98DC65664411}.Release|Any CPU.ActiveCfg = Release|Any CPU
	EndGlobalSection
	GlobalSection(SolutionProperties) = preSolution
		HideSolutionNode = FALSE
	EndGlobalSection
	GlobalSection(ExtensibilityGlobals) = postSolution
		SolutionGuid = {C48EB689-A897-476B-927B-C0B381B06125}
	EndGlobalSection
EndGlobal
