
Microsoft Visual Studio Solution File, Format Version 12.00
# Visual Studio Version 17
VisualStudioVersion = 17.8.34525.116
MinimumVisualStudioVersion = 10.0.40219.1
Project("{888888A0-9F3D-457C-B088-3A5042F75D52}") = "BAI3", "BAI3.pyproj", "{B37B71F7-CEA2-4BE1-892C-F6EE43924A5D}"
EndProject
Global
	GlobalSection(SolutionConfigurationPlatforms) = preSolution
		Debug|Any CPU = Debug|Any CPU
		Release|Any CPU = Release|Any CPU
	EndGlobalSection
	GlobalSection(ProjectConfigurationPlatforms) = postSolution
		{B37B71F7-CEA2-4BE1-892C-F6EE43924A5D}.Debug|Any CPU.ActiveCfg = Debug|Any CPU
		{B37B71F7-CEA2-4BE1-892C-F6EE43924A5D}.Release|Any CPU.ActiveCfg = Release|Any CPU
	EndGlobalSection
	GlobalSection(SolutionProperties) = preSolution
		HideSolutionNode = FALSE
	EndGlobalSection
	GlobalSection(ExtensibilityGlobals) = postSolution
		SolutionGuid = {085DCA65-E053-4FA5-BF81-0D784E81D91E}
	EndGlobalSection
EndGlobal
