
Microsoft Visual Studio Solution File, Format Version 12.00
# Visual Studio Version 17
VisualStudioVersion = 17.9.34616.47
MinimumVisualStudioVersion = 10.0.40219.1
Project("{888888A0-9F3D-457C-B088-3A5042F75D52}") = "CAU1", "CAU1.pyproj", "{E61D24EE-7751-4B3B-9D7F-368E691613AF}"
EndProject
Global
	GlobalSection(SolutionConfigurationPlatforms) = preSolution
		Debug|Any CPU = Debug|Any CPU
		Release|Any CPU = Release|Any CPU
	EndGlobalSection
	GlobalSection(ProjectConfigurationPlatforms) = postSolution
		{E61D24EE-7751-4B3B-9D7F-368E691613AF}.Debug|Any CPU.ActiveCfg = Debug|Any CPU
		{E61D24EE-7751-4B3B-9D7F-368E691613AF}.Release|Any CPU.ActiveCfg = Release|Any CPU
	EndGlobalSection
	GlobalSection(SolutionProperties) = preSolution
		HideSolutionNode = FALSE
	EndGlobalSection
	GlobalSection(ExtensibilityGlobals) = postSolution
		SolutionGuid = {C292FB46-A507-4D13-A470-529D4422C281}
	EndGlobalSection
EndGlobal
