
Microsoft Visual Studio Solution File, Format Version 12.00
# Visual Studio Version 17
VisualStudioVersion = 17.9.34616.47
MinimumVisualStudioVersion = 10.0.40219.1
Project("{888888A0-9F3D-457C-B088-3A5042F75D52}") = "CAU2b", "CAU2b.pyproj", "{2E5165C5-C078-42D8-B062-DDA1AA33ADB9}"
EndProject
Global
	GlobalSection(SolutionConfigurationPlatforms) = preSolution
		Debug|Any CPU = Debug|Any CPU
		Release|Any CPU = Release|Any CPU
	EndGlobalSection
	GlobalSection(ProjectConfigurationPlatforms) = postSolution
		{2E5165C5-C078-42D8-B062-DDA1AA33ADB9}.Debug|Any CPU.ActiveCfg = Debug|Any CPU
		{2E5165C5-C078-42D8-B062-DDA1AA33ADB9}.Release|Any CPU.ActiveCfg = Release|Any CPU
	EndGlobalSection
	GlobalSection(SolutionProperties) = preSolution
		HideSolutionNode = FALSE
	EndGlobalSection
	GlobalSection(ExtensibilityGlobals) = postSolution
		SolutionGuid = {1F3BBE36-E69B-4C14-B4B0-C035FC4C6744}
	EndGlobalSection
EndGlobal
