
Microsoft Visual Studio Solution File, Format Version 12.00
# Visual Studio Version 17
VisualStudioVersion = 17.8.34525.116
MinimumVisualStudioVersion = 10.0.40219.1
Project("{888888A0-9F3D-457C-B088-3A5042F75D52}") = "CHIAK", "CHIAK.pyproj", "{D5F28086-859F-4B8B-B962-6F66D5C0146C}"
EndProject
Global
	GlobalSection(SolutionConfigurationPlatforms) = preSolution
		Debug|Any CPU = Debug|Any CPU
		Release|Any CPU = Release|Any CPU
	EndGlobalSection
	GlobalSection(ProjectConfigurationPlatforms) = postSolution
		{D5F28086-859F-4B8B-B962-6F66D5C0146C}.Debug|Any CPU.ActiveCfg = Debug|Any CPU
		{D5F28086-859F-4B8B-B962-6F66D5C0146C}.Release|Any CPU.ActiveCfg = Release|Any CPU
	EndGlobalSection
	GlobalSection(SolutionProperties) = preSolution
		HideSolutionNode = FALSE
	EndGlobalSection
	GlobalSection(ExtensibilityGlobals) = postSolution
		SolutionGuid = {824197B2-11C1-4F8D-B4EE-95AF8F3EBC7B}
	EndGlobalSection
EndGlobal
