
Microsoft Visual Studio Solution File, Format Version 12.00
# Visual Studio Version 17
VisualStudioVersion = 17.8.34525.116
MinimumVisualStudioVersion = 10.0.40219.1
Project("{888888A0-9F3D-457C-B088-3A5042F75D52}") = "DANDAU", "DANDAU.pyproj", "{7A6F2B40-5BC3-458F-930C-D2103A0DC79E}"
EndProject
Global
	GlobalSection(SolutionConfigurationPlatforms) = preSolution
		Debug|Any CPU = Debug|Any CPU
		Release|Any CPU = Release|Any CPU
	EndGlobalSection
	GlobalSection(ProjectConfigurationPlatforms) = postSolution
		{7A6F2B40-5BC3-458F-930C-D2103A0DC79E}.Debug|Any CPU.ActiveCfg = Debug|Any CPU
		{7A6F2B40-5BC3-458F-930C-D2103A0DC79E}.Release|Any CPU.ActiveCfg = Release|Any CPU
	EndGlobalSection
	GlobalSection(SolutionProperties) = preSolution
		HideSolutionNode = FALSE
	EndGlobalSection
	GlobalSection(ExtensibilityGlobals) = postSolution
		SolutionGuid = {363740B3-7E3F-49B3-9B22-B2CFEEC1A6D9}
	EndGlobalSection
EndGlobal
