
Microsoft Visual Studio Solution File, Format Version 12.00
# Visual Studio Version 17
VisualStudioVersion = 17.9.34622.214
MinimumVisualStudioVersion = 10.0.40219.1
Project("{888888A0-9F3D-457C-B088-3A5042F75D52}") = "XKT", "XKT.pyproj", "{FDC8F0EF-F91A-410F-829E-5A112BABA7D2}"
EndProject
Global
	GlobalSection(SolutionConfigurationPlatforms) = preSolution
		Debug|Any CPU = Debug|Any CPU
		Release|Any CPU = Release|Any CPU
	EndGlobalSection
	GlobalSection(ProjectConfigurationPlatforms) = postSolution
		{FDC8F0EF-F91A-410F-829E-5A112BABA7D2}.Debug|Any CPU.ActiveCfg = Debug|Any CPU
		{FDC8F0EF-F91A-410F-829E-5A112BABA7D2}.Release|Any CPU.ActiveCfg = Release|Any CPU
	EndGlobalSection
	GlobalSection(SolutionProperties) = preSolution
		HideSolutionNode = FALSE
	EndGlobalSection
	GlobalSection(ExtensibilityGlobals) = postSolution
		SolutionGuid = {BF61BD35-C109-4076-8A37-EB6FDC1E28EB}
	EndGlobalSection
EndGlobal
